{
  "pins" : [
    {
      "identity" : "swiftpokeapi",
      "kind" : "remoteSourceControl",
      "location" : "https://github.com/tinotusa/SwiftPokeAPI",
      "state" : {
        "branch" : "main",
        "revision" : "bb4d1e5551f37a9782b87dcc5d889c020462c2e3"
      }
    }
  ],
  "version" : 2
}
