{
  "pins" : [
    {
      "identity" : "swiftpokeapi",
      "kind" : "remoteSourceControl",
      "location" : "https://github.com/tinotusa/SwiftPokeAPI",
      "state" : {
        "branch" : "main",
        "revision" : "cb116ec603ba2afcd79c0fa27bbe4c1770745001"
      }
    }
  ],
  "version" : 2
}
